// !$*UTF8*$!
{
	archiveVersion = 1;
	classes = {
	};
	objectVersion = 54;
	objects = {

/* Begin PBXBuildFile section */
		C311A6A12A6A8B8300271609 /* MainCommand.swift in Sources */ = {isa = PBXBuildFile; fileRef = C311A6A02A6A8B8300271609 /* MainCommand.swift */; };
		C3C5E4BE2B034E0900FAEC83 /* APPAnalyzeCore.framework in Frameworks */ = {isa = PBXBuildFile; fileRef = C3C5E4BD2B034E0900FAEC83 /* APPAnalyzeCore.framework */; };
		C3F06F7C2A711B4F0052067E /* ArgumentParser in Frameworks */ = {isa = PBXBuildFile; productRef = C3F06F7B2A711B4F0052067E /* ArgumentParser */; };
/* End PBXBuildFile section */

/* Begin PBXCopyFilesBuildPhase section */
		C311A69C2A6A8B8300271609 /* CopyFiles */ = {
			isa = PBXCopyFilesBuildPhase;
			buildActionMask = 2147483647;
			dstPath = /usr/share/man/man1/;
			dstSubfolderSpec = 0;
			files = (
			);
			runOnlyForDeploymentPostprocessing = 1;
		};
/* End PBXCopyFilesBuildPhase section */

/* Begin PBXFileReference section */
		C311A69E2A6A8B8300271609 /* APPAnalyzeCommand */ = {isa = PBXFileReference; explicitFileType = "compiled.mach-o.executable"; includeInIndex = 0; path = APPAnalyzeCommand; sourceTree = BUILT_PRODUCTS_DIR; };
		C311A6A02A6A8B8300271609 /* MainCommand.swift */ = {isa = PBXFileReference; lastKnownFileType = sourcecode.swift; path = MainCommand.swift; sourceTree = "<group>"; };
		C38F6CA3280925FD005512BF /* libswift_Concurrency.tbd */ = {isa = PBXFileReference; lastKnownFileType = "sourcecode.text-based-dylib-definition"; name = libswift_Concurrency.tbd; path = usr/lib/swift/libswift_Concurrency.tbd; sourceTree = SDKROOT; };
		C3C5E4BD2B034E0900FAEC83 /* APPAnalyzeCore.framework */ = {isa = PBXFileReference; lastKnownFileType = wrapper.framework; path = APPAnalyzeCore.framework; sourceTree = "<group>"; };
/* End PBXFileReference section */

/* Begin PBXFrameworksBuildPhase section */
		C311A69B2A6A8B8300271609 /* Frameworks */ = {
			isa = PBXFrameworksBuildPhase;
			buildActionMask = 2147483647;
			files = (
				C3C5E4BE2B034E0900FAEC83 /* APPAnalyzeCore.framework in Frameworks */,
				C3F06F7C2A711B4F0052067E /* ArgumentParser in Frameworks */,
			);
			runOnlyForDeploymentPostprocessing = 0;
		};
/* End PBXFrameworksBuildPhase section */

/* Begin PBXGroup section */
		C311A69F2A6A8B8300271609 /* APPAnalyzeCommand */ = {
			isa = PBXGroup;
			children = (
				C3C5E4BD2B034E0900FAEC83 /* APPAnalyzeCore.framework */,
				C311A6A02A6A8B8300271609 /* MainCommand.swift */,
			);
			path = APPAnalyzeCommand;
			sourceTree = "<group>";
		};
		C351DA3827952E5A00FC977E /* Frameworks */ = {
			isa = PBXGroup;
			children = (
				C38F6CA3280925FD005512BF /* libswift_Concurrency.tbd */,
			);
			name = Frameworks;
			sourceTree = "<group>";
		};
		C38105C42716A9B1000459E1 = {
			isa = PBXGroup;
			children = (
				C311A69F2A6A8B8300271609 /* APPAnalyzeCommand */,
				C38105CE2716A9B1000459E1 /* Products */,
				C351DA3827952E5A00FC977E /* Frameworks */,
			);
			sourceTree = "<group>";
		};
		C38105CE2716A9B1000459E1 /* Products */ = {
			isa = PBXGroup;
			children = (
				C311A69E2A6A8B8300271609 /* APPAnalyzeCommand */,
			);
			name = Products;
			sourceTree = "<group>";
		};
/* End PBXGroup section */

/* Begin PBXNativeTarget section */
		C311A69D2A6A8B8300271609 /* APPAnalyzeCommand */ = {
			isa = PBXNativeTarget;
			buildConfigurationList = C311A6A22A6A8B8300271609 /* Build configuration list for PBXNativeTarget "APPAnalyzeCommand" */;
			buildPhases = (
				C311A69A2A6A8B8300271609 /* Sources */,
				C311A69B2A6A8B8300271609 /* Frameworks */,
				C311A69C2A6A8B8300271609 /* CopyFiles */,
			);
			buildRules = (
			);
			dependencies = (
			);
			name = APPAnalyzeCommand;
			packageProductDependencies = (
				C3F06F7B2A711B4F0052067E /* ArgumentParser */,
			);
			productName = APPAnalyzeCommand;
			productReference = C311A69E2A6A8B8300271609 /* APPAnalyzeCommand */;
			productType = "com.apple.product-type.tool";
		};
/* End PBXNativeTarget section */

/* Begin PBXProject section */
		C38105C52716A9B1000459E1 /* Project object */ = {
			isa = PBXProject;
			attributes = {
				LastSwiftUpdateCheck = 1500;
				LastUpgradeCheck = 1420;
				TargetAttributes = {
					C311A69D2A6A8B8300271609 = {
						CreatedOnToolsVersion = 14.2;
					};
				};
			};
			buildConfigurationList = C38105C82716A9B1000459E1 /* Build configuration list for PBXProject "APPAnalyze" */;
			compatibilityVersion = "Xcode 9.3";
			developmentRegion = en;
			hasScannedForEncodings = 0;
			knownRegions = (
				en,
				Base,
			);
			mainGroup = C38105C42716A9B1000459E1;
			packageReferences = (
				C37E03572A495E1D004839BA /* XCRemoteSwiftPackageReference "swift-argument-parser" */,
			);
			productRefGroup = C38105CE2716A9B1000459E1 /* Products */;
			projectDirPath = "";
			projectRoot = "";
			targets = (
				C311A69D2A6A8B8300271609 /* APPAnalyzeCommand */,
			);
		};
/* End PBXProject section */

/* Begin PBXSourcesBuildPhase section */
		C311A69A2A6A8B8300271609 /* Sources */ = {
			isa = PBXSourcesBuildPhase;
			buildActionMask = 2147483647;
			files = (
				C311A6A12A6A8B8300271609 /* MainCommand.swift in Sources */,
			);
			runOnlyForDeploymentPostprocessing = 0;
		};
/* End PBXSourcesBuildPhase section */

/* Begin XCBuildConfiguration section */
		C311A6A32A6A8B8300271609 /* Debug */ = {
			isa = XCBuildConfiguration;
			buildSettings = {
				CLANG_CXX_LANGUAGE_STANDARD = "gnu++20";
				CODE_SIGN_STYLE = Automatic;
				FRAMEWORK_SEARCH_PATHS = (
					"$(inherited)",
					"$(PROJECT_DIR)/APPAnalyzeCommand",
				);
				MACOSX_DEPLOYMENT_TARGET = 12.6;
				PRODUCT_NAME = "$(TARGET_NAME)";
				SWIFT_VERSION = 5.0;
			};
			name = Debug;
		};
		C311A6A42A6A8B8300271609 /* Release */ = {
			isa = XCBuildConfiguration;
			buildSettings = {
				CLANG_CXX_LANGUAGE_STANDARD = "gnu++20";
				CODE_SIGN_STYLE = Automatic;
				DEBUG_INFORMATION_FORMAT = dwarf;
				FRAMEWORK_SEARCH_PATHS = (
					"$(inherited)",
					"$(PROJECT_DIR)/APPAnalyzeCommand",
				);
				GCC_PREPROCESSOR_DEFINITIONS = "RELEASE=1";
				MACOSX_DEPLOYMENT_TARGET = 12.6;
				ONLY_ACTIVE_ARCH = NO;
				PRODUCT_NAME = "$(TARGET_NAME)";
				SWIFT_ACTIVE_COMPILATION_CONDITIONS = RELEASE;
				SWIFT_VERSION = 5.0;
			};
			name = Release;
		};
		C38105D22716A9B1000459E1 /* Debug */ = {
			isa = XCBuildConfiguration;
			buildSettings = {
				ALWAYS_SEARCH_USER_PATHS = NO;
				CLANG_ANALYZER_NONNULL = YES;
				CLANG_ANALYZER_NUMBER_OBJECT_CONVERSION = YES_AGGRESSIVE;
				CLANG_CXX_LANGUAGE_STANDARD = "gnu++14";
				CLANG_CXX_LIBRARY = "libc++";
				CLANG_ENABLE_MODULES = YES;
				CLANG_ENABLE_OBJC_ARC = YES;
				CLANG_ENABLE_OBJC_WEAK = YES;
				CLANG_WARN_BLOCK_CAPTURE_AUTORELEASING = YES;
				CLANG_WARN_BOOL_CONVERSION = YES;
				CLANG_WARN_COMMA = YES;
				CLANG_WARN_CONSTANT_CONVERSION = YES;
				CLANG_WARN_DEPRECATED_OBJC_IMPLEMENTATIONS = YES;
				CLANG_WARN_DIRECT_OBJC_ISA_USAGE = YES_ERROR;
				CLANG_WARN_DOCUMENTATION_COMMENTS = YES;
				CLANG_WARN_EMPTY_BODY = YES;
				CLANG_WARN_ENUM_CONVERSION = YES;
				CLANG_WARN_INFINITE_RECURSION = YES;
				CLANG_WARN_INT_CONVERSION = YES;
				CLANG_WARN_NON_LITERAL_NULL_CONVERSION = YES;
				CLANG_WARN_OBJC_IMPLICIT_RETAIN_SELF = YES;
				CLANG_WARN_OBJC_LITERAL_CONVERSION = YES;
				CLANG_WARN_OBJC_ROOT_CLASS = YES_ERROR;
				CLANG_WARN_QUOTED_INCLUDE_IN_FRAMEWORK_HEADER = YES;
				CLANG_WARN_RANGE_LOOP_ANALYSIS = YES;
				CLANG_WARN_STRICT_PROTOTYPES = YES;
				CLANG_WARN_SUSPICIOUS_MOVE = YES;
				CLANG_WARN_UNGUARDED_AVAILABILITY = YES_AGGRESSIVE;
				CLANG_WARN_UNREACHABLE_CODE = YES;
				CLANG_WARN__DUPLICATE_METHOD_MATCH = YES;
				COPY_PHASE_STRIP = NO;
				DEAD_CODE_STRIPPING = YES;
				DEBUG_INFORMATION_FORMAT = dwarf;
				ENABLE_STRICT_OBJC_MSGSEND = YES;
				ENABLE_TESTABILITY = YES;
				GCC_C_LANGUAGE_STANDARD = gnu11;
				GCC_DYNAMIC_NO_PIC = NO;
				GCC_NO_COMMON_BLOCKS = YES;
				GCC_OPTIMIZATION_LEVEL = 0;
				GCC_PREPROCESSOR_DEFINITIONS = (
					"DEBUG=1",
					"$(inherited)",
				);
				GCC_WARN_64_TO_32_BIT_CONVERSION = YES;
				GCC_WARN_ABOUT_RETURN_TYPE = YES_ERROR;
				GCC_WARN_UNDECLARED_SELECTOR = YES;
				GCC_WARN_UNINITIALIZED_AUTOS = YES_AGGRESSIVE;
				GCC_WARN_UNUSED_FUNCTION = YES;
				GCC_WARN_UNUSED_VARIABLE = YES;
				MACOSX_DEPLOYMENT_TARGET = 11.0;
				MTL_ENABLE_DEBUG_INFO = INCLUDE_SOURCE;
				MTL_FAST_MATH = YES;
				ONLY_ACTIVE_ARCH = YES;
				SDKROOT = macosx;
				SWIFT_ACTIVE_COMPILATION_CONDITIONS = DEBUG;
				SWIFT_OPTIMIZATION_LEVEL = "-Onone";
			};
			name = Debug;
		};
		C38105D32716A9B1000459E1 /* Release */ = {
			isa = XCBuildConfiguration;
			buildSettings = {
				ALWAYS_SEARCH_USER_PATHS = NO;
				CLANG_ANALYZER_NONNULL = YES;
				CLANG_ANALYZER_NUMBER_OBJECT_CONVERSION = YES_AGGRESSIVE;
				CLANG_CXX_LANGUAGE_STANDARD = "gnu++14";
				CLANG_CXX_LIBRARY = "libc++";
				CLANG_ENABLE_MODULES = YES;
				CLANG_ENABLE_OBJC_ARC = YES;
				CLANG_ENABLE_OBJC_WEAK = YES;
				CLANG_WARN_BLOCK_CAPTURE_AUTORELEASING = YES;
				CLANG_WARN_BOOL_CONVERSION = YES;
				CLANG_WARN_COMMA = YES;
				CLANG_WARN_CONSTANT_CONVERSION = YES;
				CLANG_WARN_DEPRECATED_OBJC_IMPLEMENTATIONS = YES;
				CLANG_WARN_DIRECT_OBJC_ISA_USAGE = YES_ERROR;
				CLANG_WARN_DOCUMENTATION_COMMENTS = YES;
				CLANG_WARN_EMPTY_BODY = YES;
				CLANG_WARN_ENUM_CONVERSION = YES;
				CLANG_WARN_INFINITE_RECURSION = YES;
				CLANG_WARN_INT_CONVERSION = YES;
				CLANG_WARN_NON_LITERAL_NULL_CONVERSION = YES;
				CLANG_WARN_OBJC_IMPLICIT_RETAIN_SELF = YES;
				CLANG_WARN_OBJC_LITERAL_CONVERSION = YES;
				CLANG_WARN_OBJC_ROOT_CLASS = YES_ERROR;
				CLANG_WARN_QUOTED_INCLUDE_IN_FRAMEWORK_HEADER = YES;
				CLANG_WARN_RANGE_LOOP_ANALYSIS = YES;
				CLANG_WARN_STRICT_PROTOTYPES = YES;
				CLANG_WARN_SUSPICIOUS_MOVE = YES;
				CLANG_WARN_UNGUARDED_AVAILABILITY = YES_AGGRESSIVE;
				CLANG_WARN_UNREACHABLE_CODE = YES;
				CLANG_WARN__DUPLICATE_METHOD_MATCH = YES;
				COPY_PHASE_STRIP = NO;
				DEAD_CODE_STRIPPING = YES;
				DEBUG_INFORMATION_FORMAT = "dwarf-with-dsym";
				ENABLE_NS_ASSERTIONS = NO;
				ENABLE_STRICT_OBJC_MSGSEND = YES;
				GCC_C_LANGUAGE_STANDARD = gnu11;
				GCC_NO_COMMON_BLOCKS = YES;
				GCC_WARN_64_TO_32_BIT_CONVERSION = YES;
				GCC_WARN_ABOUT_RETURN_TYPE = YES_ERROR;
				GCC_WARN_UNDECLARED_SELECTOR = YES;
				GCC_WARN_UNINITIALIZED_AUTOS = YES_AGGRESSIVE;
				GCC_WARN_UNUSED_FUNCTION = YES;
				GCC_WARN_UNUSED_VARIABLE = YES;
				MACOSX_DEPLOYMENT_TARGET = 11.0;
				MTL_ENABLE_DEBUG_INFO = NO;
				MTL_FAST_MATH = YES;
				SDKROOT = macosx;
				SWIFT_COMPILATION_MODE = wholemodule;
				SWIFT_OPTIMIZATION_LEVEL = "-O";
			};
			name = Release;
		};
/* End XCBuildConfiguration section */

/* Begin XCConfigurationList section */
		C311A6A22A6A8B8300271609 /* Build configuration list for PBXNativeTarget "APPAnalyzeCommand" */ = {
			isa = XCConfigurationList;
			buildConfigurations = (
				C311A6A32A6A8B8300271609 /* Debug */,
				C311A6A42A6A8B8300271609 /* Release */,
			);
			defaultConfigurationIsVisible = 0;
			defaultConfigurationName = Release;
		};
		C38105C82716A9B1000459E1 /* Build configuration list for PBXProject "APPAnalyze" */ = {
			isa = XCConfigurationList;
			buildConfigurations = (
				C38105D22716A9B1000459E1 /* Debug */,
				C38105D32716A9B1000459E1 /* Release */,
			);
			defaultConfigurationIsVisible = 0;
			defaultConfigurationName = Release;
		};
/* End XCConfigurationList section */

/* Begin XCRemoteSwiftPackageReference section */
		C37E03572A495E1D004839BA /* XCRemoteSwiftPackageReference "swift-argument-parser" */ = {
			isa = XCRemoteSwiftPackageReference;
			repositoryURL = "https://github.com/apple/swift-argument-parser.git";
			requirement = {
				kind = upToNextMajorVersion;
				minimumVersion = 1.0.0;
			};
		};
/* End XCRemoteSwiftPackageReference section */

/* Begin XCSwiftPackageProductDependency section */
		C3F06F7B2A711B4F0052067E /* ArgumentParser */ = {
			isa = XCSwiftPackageProductDependency;
			package = C37E03572A495E1D004839BA /* XCRemoteSwiftPackageReference "swift-argument-parser" */;
			productName = ArgumentParser;
		};
/* End XCSwiftPackageProductDependency section */
	};
	rootObject = C38105C52716A9B1000459E1 /* Project object */;
}
